
Microsoft Visual Studio Solution File, Format Version 12.00
# Visual Studio 15
VisualStudioVersion = 15.0.27703.2047
MinimumVisualStudioVersion = 10.0.40219.1
Project("{FAE04EC0-301F-11D3-BF4B-00C04F79EFBC}") = "ARPG_Server", "ARPG_Server\ARPG_Server.csproj", "{2C8F9ABC-55C9-44B0-B6C1-2FB87239B965}"
EndProject
Project("{FAE04EC0-301F-11D3-BF4B-00C04F79EFBC}") = "PEProtocol", "PEProtocol\PEProtocol.csproj", "{6928B508-2B56-41CF-8B52-CC6A19E3821D}"
EndProject
Global
	GlobalSection(SolutionConfigurationPlatforms) = preSolution
		Debug|Any CPU = Debug|Any CPU
		Release|Any CPU = Release|Any CPU
	EndGlobalSection
	GlobalSection(ProjectConfigurationPlatforms) = postSolution
		{2C8F9ABC-55C9-44B0-B6C1-2FB87239B965}.Debug|Any CPU.ActiveCfg = Debug|Any CPU
		{2C8F9ABC-55C9-44B0-B6C1-2FB87239B965}.Debug|Any CPU.Build.0 = Debug|Any CPU
		{2C8F9ABC-55C9-44B0-B6C1-2FB87239B965}.Release|Any CPU.ActiveCfg = Release|Any CPU
		{2C8F9ABC-55C9-44B0-B6C1-2FB87239B965}.Release|Any CPU.Build.0 = Release|Any CPU
		{6928B508-2B56-41CF-8B52-CC6A19E3821D}.Debug|Any CPU.ActiveCfg = Debug|Any CPU
		{6928B508-2B56-41CF-8B52-CC6A19E3821D}.Debug|Any CPU.Build.0 = Debug|Any CPU
		{6928B508-2B56-41CF-8B52-CC6A19E3821D}.Release|Any CPU.ActiveCfg = Release|Any CPU
		{6928B508-2B56-41CF-8B52-CC6A19E3821D}.Release|Any CPU.Build.0 = Release|Any CPU
	EndGlobalSection
	GlobalSection(SolutionProperties) = preSolution
		HideSolutionNode = FALSE
	EndGlobalSection
	GlobalSection(ExtensibilityGlobals) = postSolution
		SolutionGuid = {A295334F-1055-4C82-8B2A-C7CF72D2F0BA}
	EndGlobalSection
EndGlobal
